<?xml version="1.0" encoding="utf-8"?>
<Project ToolsVersion="4.0" xmlns="http://schemas.microsoft.com/developer/msbuild/2003">
  <ItemGroup>
    <ClCompile Include="Body.cpp" />
    <ClCompile Include="Character.cpp" />
    <ClCompile Include="Main.cpp" />
    <ClCompile Include="PlayerBody.cpp" />
    <ClCompile Include="Scene1.cpp" />
    <ClCompile Include="Steering\KinematicBody.cpp" />
    <ClCompile Include="Steering\SteeringOutput.cpp" />
    <ClCompile Include="Window.cpp">
      <Filter>GAME</Filter>
    </ClCompile>
    <ClCompile Include="Timer.cpp">
      <Filter>GAME</Filter>
    </ClCompile>
    <ClCompile Include="GameManager.cpp">
      <Filter>GAME</Filter>
    </ClCompile>
    <ClCompile Include="StaticBody.cpp" />
    <ClCompile Include="KinematicSteeringOutput.cpp" />
    <ClCompile Include="KinematicSeek.cpp" />
    <ClCompile Include="SteeringBehaviour.cpp" />
    <ClCompile Include="Seek.cpp" />
    <ClCompile Include="Flee.cpp" />
    <ClCompile Include="Scene2.cpp" />
    <ClCompile Include="Node.cpp" />
    <ClCompile Include="Graph.cpp" />
    <ClCompile Include="Tile.cpp" />
    <ClCompile Include="DecisionTreeNode.cpp" />
    <ClCompile Include="Action.cpp" />
    <ClCompile Include="PlayerInRangeDecision.cpp" />
    <ClCompile Include="Decision.cpp" />
  </ItemGroup>
  <ItemGroup>
    <ClInclude Include="Body.h" />
    <ClInclude Include="Character.h" />
    <ClInclude Include="PlayerBody.h" />
    <ClInclude Include="Scene.h" />
    <ClInclude Include="Scene1.h" />
    <ClInclude Include="Steering\KinematicBody.h" />
    <ClInclude Include="Steering\SteeringOutput.h" />
    <ClInclude Include="Window.h">
      <Filter>GAME</Filter>
    </ClInclude>
    <ClInclude Include="Timer.h">
      <Filter>GAME</Filter>
    </ClInclude>
    <ClInclude Include="GameManager.h">
      <Filter>GAME</Filter>
    </ClInclude>
    <ClInclude Include="StaticBody.h" />
    <ClInclude Include="KinematicSteeringOutput.h" />
    <ClInclude Include="KinematicSeek.h" />
    <ClInclude Include="SteeringBehaviour.h" />
    <ClInclude Include="Seek.h" />
    <ClInclude Include="Flee.h" />
    <ClInclude Include="Scene2.h" />
    <ClInclude Include="Node.h" />
    <ClInclude Include="Graph.h" />
    <ClInclude Include="Tile.h" />
    <ClInclude Include="DecisionTreeNode.h" />
    <ClInclude Include="Action.h" />
    <ClInclude Include="PlayerInRangeDecision.h" />
    <ClInclude Include="Decision.h" />
  </ItemGroup>
  <ItemGroup>
    <Filter Include="GAME">
      <UniqueIdentifier>{442bbbff-0cd4-49da-8462-e392f94f9c04}</UniqueIdentifier>
    </Filter>
  </ItemGroup>
</Project>