<?xml version="1.0" encoding="utf-8"?>
<Project ToolsVersion="4.0" xmlns="http://schemas.microsoft.com/developer/msbuild/2003">
  <ItemGroup>
    <ClCompile Include="Body.cpp" />
    <ClCompile Include="Character.cpp" />
    <ClCompile Include="Main.cpp" />
    <ClCompile Include="PlayerBody.cpp" />
    <ClCompile Include="Scene1.cpp" />
    <ClCompile Include="Steering\KinematicBody.cpp" />
    <ClCompile Include="Steering\SteeringOutput.cpp" />
    <ClCompile Include="Window.cpp">
      <Filter>GAME</Filter>
    </ClCompile>
    <ClCompile Include="Timer.cpp">
      <Filter>GAME</Filter>
    </ClCompile>
    <ClCompile Include="GameManager.cpp">
      <Filter>GAME</Filter>
    </ClCompile>
  </ItemGroup>
  <ItemGroup>
    <ClInclude Include="Body.h" />
    <ClInclude Include="Character.h" />
    <ClInclude Include="PlayerBody.h" />
    <ClInclude Include="Scene.h" />
    <ClInclude Include="Scene1.h" />
    <ClInclude Include="Steering\KinematicBody.h" />
    <ClInclude Include="Steering\SteeringOutput.h" />
    <ClInclude Include="Window.h">
      <Filter>GAME</Filter>
    </ClInclude>
    <ClInclude Include="Timer.h">
      <Filter>GAME</Filter>
    </ClInclude>
    <ClInclude Include="GameManager.h">
      <Filter>GAME</Filter>
    </ClInclude>
  </ItemGroup>
  <ItemGroup>
    <Filter Include="GAME">
      <UniqueIdentifier>{442bbbff-0cd4-49da-8462-e392f94f9c04}</UniqueIdentifier>
    </Filter>
  </ItemGroup>
</Project>